// !$*UTF8*$!
{
	archiveVersion = 1;
	classes = {
	};
	objectVersion = 50;
	objects = {

/* Begin PBXBuildFile section */
		E808DCC4267256D1006CFED0 /* IDRequestHandler.cpp in Sources */ = {isa = PBXBuildFile; fileRef = E808DCC3267256D1006CFED0 /* IDRequestHandler.cpp */; };
		E824FB77240FC263008E0C3D /* PCSC.framework in Frameworks */ = {isa = PBXBuildFile; fileRef = E824FB76240FC263008E0C3D /* PCSC.framework */; };
		E84BAFE824477C7000D6A178 /* setup.cpp in Sources */ = {isa = PBXBuildFile; fileRef = E84BAFE624477C7000D6A178 /* setup.cpp */; };
		E85AB669241539CC00BE9F0A /* UserCertsRequestHandler.cpp in Sources */ = {isa = PBXBuildFile; fileRef = E85AB668241539CC00BE9F0A /* UserCertsRequestHandler.cpp */; };
		E85AB66A24166DFB00BE9F0A /* comm.cpp in Sources */ = {isa = PBXBuildFile; fileRef = E8AB54C724110F070051D9A2 /* comm.cpp */; };
		E89B23CD24114FBC00D800E0 /* native.cpp in Sources */ = {isa = PBXBuildFile; fileRef = E8AB54C024110F070051D9A2 /* native.cpp */; };
		E8A12CE92465C53F00F6C910 /* test.cpp in Sources */ = {isa = PBXBuildFile; fileRef = E8A12CE82465C53F00F6C910 /* test.cpp */; };
		E8AB54D924110F070051D9A2 /* log.cpp in Sources */ = {isa = PBXBuildFile; fileRef = E8AB54A824110F070051D9A2 /* log.cpp */; };
		E8AB54DA24110F070051D9A2 /* util.cpp in Sources */ = {isa = PBXBuildFile; fileRef = E8AB54A924110F070051D9A2 /* util.cpp */; };
		E8AB54DC24110F070051D9A2 /* RequestHandler.cpp in Sources */ = {isa = PBXBuildFile; fileRef = E8AB54AF24110F070051D9A2 /* RequestHandler.cpp */; };
		E8AB54DE24110F070051D9A2 /* BEIDCard.cpp in Sources */ = {isa = PBXBuildFile; fileRef = E8AB54B124110F070051D9A2 /* BEIDCard.cpp */; };
		E8AB54E024110F070051D9A2 /* x509Util.c in Sources */ = {isa = PBXBuildFile; fileRef = E8AB54BD24110F070051D9A2 /* x509Util.c */; };
		E8AB54E324110F070051D9A2 /* CardReader.cpp in Sources */ = {isa = PBXBuildFile; fileRef = E8AB54C224110F070051D9A2 /* CardReader.cpp */; };
		E8AB54E424110F070051D9A2 /* CardFactory.cpp in Sources */ = {isa = PBXBuildFile; fileRef = E8AB54C424110F070051D9A2 /* CardFactory.cpp */; };
		E8AB54E524110F070051D9A2 /* SCard.cpp in Sources */ = {isa = PBXBuildFile; fileRef = E8AB54C524110F070051D9A2 /* SCard.cpp */; };
		E8AB54E724110F070051D9A2 /* ReaderList.cpp in Sources */ = {isa = PBXBuildFile; fileRef = E8AB54C824110F070051D9A2 /* ReaderList.cpp */; };
		E8AB54E824110F070051D9A2 /* asn1.cpp in Sources */ = {isa = PBXBuildFile; fileRef = E8AB54C924110F070051D9A2 /* asn1.cpp */; };
		E8AB54E924110F070051D9A2 /* hash.cpp in Sources */ = {isa = PBXBuildFile; fileRef = E8AB54CA24110F070051D9A2 /* hash.cpp */; };
		E8AB54EB24110F070051D9A2 /* VirtualCard.cpp in Sources */ = {isa = PBXBuildFile; fileRef = E8AB54CD24110F070051D9A2 /* VirtualCard.cpp */; };
		E8AB54EC24110F070051D9A2 /* VersionRequestHandler.cpp in Sources */ = {isa = PBXBuildFile; fileRef = E8AB54D024110F070051D9A2 /* VersionRequestHandler.cpp */; };
		E8AB54ED24110F070051D9A2 /* main.cpp in Sources */ = {isa = PBXBuildFile; fileRef = E8AB54D124110F070051D9A2 /* main.cpp */; };
		E8D0ABC72433C50D00A6FE82 /* crypto.cpp in Sources */ = {isa = PBXBuildFile; fileRef = E8D0ABC52433C50D00A6FE82 /* crypto.cpp */; };
		E8EE466A242259580074DC2C /* CertChainRequestHandler.cpp in Sources */ = {isa = PBXBuildFile; fileRef = E8EE4669242259580074DC2C /* CertChainRequestHandler.cpp */; };
		E8EE466D24235D6A0074DC2C /* SignRequestHandler.cpp in Sources */ = {isa = PBXBuildFile; fileRef = E8EE466C24235D6A0074DC2C /* SignRequestHandler.cpp */; };
		E8EE4670242360F30074DC2C /* Request.cpp in Sources */ = {isa = PBXBuildFile; fileRef = E8EE466E242360F30074DC2C /* Request.cpp */; };
/* End PBXBuildFile section */

/* Begin PBXCopyFilesBuildPhase section */
		E8F2140723FAFAAC003768CE /* CopyFiles */ = {
			isa = PBXCopyFilesBuildPhase;
			buildActionMask = 2147483647;
			dstPath = /usr/share/man/man1/;
			dstSubfolderSpec = 0;
			files = (
			);
			runOnlyForDeploymentPostprocessing = 1;
		};
/* End PBXCopyFilesBuildPhase section */

/* Begin PBXFileReference section */
		E808DCC2267256D1006CFED0 /* IDRequestHandler.hpp */ = {isa = PBXFileReference; fileEncoding = 4; lastKnownFileType = sourcecode.cpp.h; path = IDRequestHandler.hpp; sourceTree = "<group>"; };
		E808DCC3267256D1006CFED0 /* IDRequestHandler.cpp */ = {isa = PBXFileReference; fileEncoding = 4; lastKnownFileType = sourcecode.cpp.cpp; path = IDRequestHandler.cpp; sourceTree = "<group>"; };
		E81B25A524B7C0CD00276999 /* CertChainRequestHandler.hpp */ = {isa = PBXFileReference; lastKnownFileType = sourcecode.cpp.h; path = CertChainRequestHandler.hpp; sourceTree = "<group>"; };
		E824FB76240FC263008E0C3D /* PCSC.framework */ = {isa = PBXFileReference; lastKnownFileType = wrapper.framework; name = PCSC.framework; path = System/Library/Frameworks/PCSC.framework; sourceTree = SDKROOT; };
		E835C9A924376FFA008A17D9 /* package.json */ = {isa = PBXFileReference; lastKnownFileType = text.json; path = package.json; sourceTree = "<group>"; };
		E835C9AA24376FFA008A17D9 /* gulpfile.js */ = {isa = PBXFileReference; lastKnownFileType = sourcecode.javascript; path = gulpfile.js; sourceTree = "<group>"; };
		E835C9AD24376FFA008A17D9 /* sign.js */ = {isa = PBXFileReference; lastKnownFileType = sourcecode.javascript; path = sign.js; sourceTree = "<group>"; };
		E835C9AE24376FFA008A17D9 /* signtest.html */ = {isa = PBXFileReference; lastKnownFileType = text.html; path = signtest.html; sourceTree = "<group>"; };
		E835C9B024376FFA008A17D9 /* page.js */ = {isa = PBXFileReference; lastKnownFileType = sourcecode.javascript; path = page.js; sourceTree = "<group>"; };
		E835C9B124376FFA008A17D9 /* background.js */ = {isa = PBXFileReference; lastKnownFileType = sourcecode.javascript; path = background.js; sourceTree = "<group>"; };
		E835C9B224376FFA008A17D9 /* icon48.png */ = {isa = PBXFileReference; lastKnownFileType = image.png; path = icon48.png; sourceTree = "<group>"; };
		E835C9B324376FFA008A17D9 /* icon128.png */ = {isa = PBXFileReference; lastKnownFileType = image.png; path = icon128.png; sourceTree = "<group>"; };
		E835C9B424376FFA008A17D9 /* manifest.json */ = {isa = PBXFileReference; lastKnownFileType = text.json; path = manifest.json; sourceTree = "<group>"; };
		E835C9B524376FFA008A17D9 /* content.js */ = {isa = PBXFileReference; lastKnownFileType = sourcecode.javascript; path = content.js; sourceTree = "<group>"; };
		E84BAFE624477C7000D6A178 /* setup.cpp */ = {isa = PBXFileReference; fileEncoding = 4; lastKnownFileType = sourcecode.cpp.cpp; path = setup.cpp; sourceTree = "<group>"; };
		E84BAFE724477C7000D6A178 /* setup.hpp */ = {isa = PBXFileReference; fileEncoding = 4; lastKnownFileType = sourcecode.cpp.h; path = setup.hpp; sourceTree = "<group>"; };
		E85AB6642413A1CB00BE9F0A /* test.py */ = {isa = PBXFileReference; lastKnownFileType = text.script.python; name = test.py; path = ../test/test.py; sourceTree = "<group>"; };
		E85AB6652413A1CB00BE9F0A /* testconf.py */ = {isa = PBXFileReference; lastKnownFileType = text.script.python; name = testconf.py; path = ../test/testconf.py; sourceTree = "<group>"; };
		E85AB667241539CC00BE9F0A /* UserCertsRequestHandler.hpp */ = {isa = PBXFileReference; fileEncoding = 4; lastKnownFileType = sourcecode.cpp.h; path = UserCertsRequestHandler.hpp; sourceTree = "<group>"; };
		E85AB668241539CC00BE9F0A /* UserCertsRequestHandler.cpp */ = {isa = PBXFileReference; fileEncoding = 4; lastKnownFileType = sourcecode.cpp.cpp; path = UserCertsRequestHandler.cpp; sourceTree = "<group>"; };
		E8A12CE82465C53F00F6C910 /* test.cpp */ = {isa = PBXFileReference; fileEncoding = 4; lastKnownFileType = sourcecode.cpp.cpp; path = test.cpp; sourceTree = "<group>"; };
		E8A12CEA2465C77400F6C910 /* test.hpp */ = {isa = PBXFileReference; lastKnownFileType = sourcecode.cpp.h; path = test.hpp; sourceTree = "<group>"; };
		E8AB54A824110F070051D9A2 /* log.cpp */ = {isa = PBXFileReference; fileEncoding = 4; lastKnownFileType = sourcecode.cpp.cpp; path = log.cpp; sourceTree = "<group>"; };
		E8AB54A924110F070051D9A2 /* util.cpp */ = {isa = PBXFileReference; fileEncoding = 4; lastKnownFileType = sourcecode.cpp.cpp; path = util.cpp; sourceTree = "<group>"; };
		E8AB54AA24110F070051D9A2 /* Card.hpp */ = {isa = PBXFileReference; fileEncoding = 4; lastKnownFileType = sourcecode.cpp.h; path = Card.hpp; sourceTree = "<group>"; };
		E8AB54AB24110F070051D9A2 /* VirtualCard.hpp */ = {isa = PBXFileReference; fileEncoding = 4; lastKnownFileType = sourcecode.cpp.h; path = VirtualCard.hpp; sourceTree = "<group>"; };
		E8AB54AD24110F070051D9A2 /* VersionRequestHandler.hpp */ = {isa = PBXFileReference; fileEncoding = 4; lastKnownFileType = sourcecode.cpp.h; path = VersionRequestHandler.hpp; sourceTree = "<group>"; };
		E8AB54AE24110F070051D9A2 /* main.hpp */ = {isa = PBXFileReference; fileEncoding = 4; lastKnownFileType = sourcecode.cpp.h; path = main.hpp; sourceTree = "<group>"; };
		E8AB54AF24110F070051D9A2 /* RequestHandler.cpp */ = {isa = PBXFileReference; fileEncoding = 4; lastKnownFileType = sourcecode.cpp.cpp; path = RequestHandler.cpp; sourceTree = "<group>"; };
		E8AB54B024110F070051D9A2 /* VirtualReader.cpp */ = {isa = PBXFileReference; fileEncoding = 4; lastKnownFileType = sourcecode.cpp.cpp; path = VirtualReader.cpp; sourceTree = "<group>"; };
		E8AB54B124110F070051D9A2 /* BEIDCard.cpp */ = {isa = PBXFileReference; fileEncoding = 4; lastKnownFileType = sourcecode.cpp.cpp; path = BEIDCard.cpp; sourceTree = "<group>"; };
		E8AB54B324110F070051D9A2 /* asn1.hpp */ = {isa = PBXFileReference; fileEncoding = 4; lastKnownFileType = sourcecode.cpp.h; path = asn1.hpp; sourceTree = "<group>"; };
		E8AB54B424110F070051D9A2 /* native.hpp */ = {isa = PBXFileReference; fileEncoding = 4; lastKnownFileType = sourcecode.cpp.h; path = native.hpp; sourceTree = "<group>"; };
		E8AB54B624110F070051D9A2 /* general.h */ = {isa = PBXFileReference; fileEncoding = 4; lastKnownFileType = sourcecode.c.h; path = general.h; sourceTree = "<group>"; };
		E8AB54B724110F070051D9A2 /* CardReader.hpp */ = {isa = PBXFileReference; fileEncoding = 4; lastKnownFileType = sourcecode.cpp.h; path = CardReader.hpp; sourceTree = "<group>"; };
		E8AB54B924110F070051D9A2 /* CardFactory.hpp */ = {isa = PBXFileReference; fileEncoding = 4; lastKnownFileType = sourcecode.cpp.h; path = CardFactory.hpp; sourceTree = "<group>"; };
		E8AB54BA24110F070051D9A2 /* SCard.hpp */ = {isa = PBXFileReference; fileEncoding = 4; lastKnownFileType = sourcecode.cpp.h; path = SCard.hpp; sourceTree = "<group>"; };
		E8AB54BB24110F070051D9A2 /* CardErrors.h */ = {isa = PBXFileReference; fileEncoding = 4; lastKnownFileType = sourcecode.c.h; path = CardErrors.h; sourceTree = "<group>"; };
		E8AB54BC24110F070051D9A2 /* comm.hpp */ = {isa = PBXFileReference; fileEncoding = 4; lastKnownFileType = sourcecode.cpp.h; path = comm.hpp; sourceTree = "<group>"; };
		E8AB54BD24110F070051D9A2 /* x509Util.c */ = {isa = PBXFileReference; fileEncoding = 4; lastKnownFileType = sourcecode.c.c; path = x509Util.c; sourceTree = "<group>"; };
		E8AB54BE24110F070051D9A2 /* ReaderList.hpp */ = {isa = PBXFileReference; fileEncoding = 4; lastKnownFileType = sourcecode.cpp.h; path = ReaderList.hpp; sourceTree = "<group>"; };
		E8AB54C024110F070051D9A2 /* native.cpp */ = {isa = PBXFileReference; fileEncoding = 4; lastKnownFileType = sourcecode.cpp.cpp; path = native.cpp; sourceTree = "<group>"; };
		E8AB54C224110F070051D9A2 /* CardReader.cpp */ = {isa = PBXFileReference; fileEncoding = 4; lastKnownFileType = sourcecode.cpp.cpp; path = CardReader.cpp; sourceTree = "<group>"; };
		E8AB54C424110F070051D9A2 /* CardFactory.cpp */ = {isa = PBXFileReference; fileEncoding = 4; lastKnownFileType = sourcecode.cpp.cpp; path = CardFactory.cpp; sourceTree = "<group>"; };
		E8AB54C524110F070051D9A2 /* SCard.cpp */ = {isa = PBXFileReference; fileEncoding = 4; lastKnownFileType = sourcecode.cpp.cpp; path = SCard.cpp; sourceTree = "<group>"; };
		E8AB54C624110F070051D9A2 /* util.h */ = {isa = PBXFileReference; fileEncoding = 4; lastKnownFileType = sourcecode.c.h; path = util.h; sourceTree = "<group>"; };
		E8AB54C724110F070051D9A2 /* comm.cpp */ = {isa = PBXFileReference; fileEncoding = 4; lastKnownFileType = sourcecode.cpp.cpp; path = comm.cpp; sourceTree = "<group>"; };
		E8AB54C824110F070051D9A2 /* ReaderList.cpp */ = {isa = PBXFileReference; fileEncoding = 4; lastKnownFileType = sourcecode.cpp.cpp; path = ReaderList.cpp; sourceTree = "<group>"; };
		E8AB54C924110F070051D9A2 /* asn1.cpp */ = {isa = PBXFileReference; fileEncoding = 4; lastKnownFileType = sourcecode.cpp.cpp; path = asn1.cpp; sourceTree = "<group>"; };
		E8AB54CA24110F070051D9A2 /* hash.cpp */ = {isa = PBXFileReference; fileEncoding = 4; lastKnownFileType = sourcecode.cpp.cpp; path = hash.cpp; sourceTree = "<group>"; };
		E8AB54CC24110F070051D9A2 /* log.hpp */ = {isa = PBXFileReference; fileEncoding = 4; lastKnownFileType = sourcecode.cpp.h; path = log.hpp; sourceTree = "<group>"; };
		E8AB54CD24110F070051D9A2 /* VirtualCard.cpp */ = {isa = PBXFileReference; fileEncoding = 4; lastKnownFileType = sourcecode.cpp.cpp; path = VirtualCard.cpp; sourceTree = "<group>"; };
		E8AB54D024110F070051D9A2 /* VersionRequestHandler.cpp */ = {isa = PBXFileReference; fileEncoding = 4; lastKnownFileType = sourcecode.cpp.cpp; path = VersionRequestHandler.cpp; sourceTree = "<group>"; };
		E8AB54D124110F070051D9A2 /* main.cpp */ = {isa = PBXFileReference; fileEncoding = 4; lastKnownFileType = sourcecode.cpp.cpp; path = main.cpp; sourceTree = "<group>"; };
		E8AB54D224110F070051D9A2 /* VirtualReader.hpp */ = {isa = PBXFileReference; fileEncoding = 4; lastKnownFileType = sourcecode.cpp.h; path = VirtualReader.hpp; sourceTree = "<group>"; };
		E8AB54D324110F070051D9A2 /* hash.h */ = {isa = PBXFileReference; fileEncoding = 4; lastKnownFileType = sourcecode.c.h; path = hash.h; sourceTree = "<group>"; };
		E8AB54D424110F070051D9A2 /* RequestHandler.hpp */ = {isa = PBXFileReference; fileEncoding = 4; lastKnownFileType = sourcecode.cpp.h; path = RequestHandler.hpp; sourceTree = "<group>"; };
		E8AB54D524110F070051D9A2 /* x509Util.h */ = {isa = PBXFileReference; fileEncoding = 4; lastKnownFileType = sourcecode.c.h; path = x509Util.h; sourceTree = "<group>"; };
		E8AB54D624110F070051D9A2 /* BEIDCard.hpp */ = {isa = PBXFileReference; fileEncoding = 4; lastKnownFileType = sourcecode.cpp.h; path = BEIDCard.hpp; sourceTree = "<group>"; };
		E8D0ABC52433C50D00A6FE82 /* crypto.cpp */ = {isa = PBXFileReference; fileEncoding = 4; lastKnownFileType = sourcecode.cpp.cpp; path = crypto.cpp; sourceTree = "<group>"; };
		E8D0ABC62433C50D00A6FE82 /* crypto.h */ = {isa = PBXFileReference; fileEncoding = 4; lastKnownFileType = sourcecode.c.h; path = crypto.h; sourceTree = "<group>"; };
		E8EE4669242259580074DC2C /* CertChainRequestHandler.cpp */ = {isa = PBXFileReference; fileEncoding = 4; lastKnownFileType = sourcecode.cpp.cpp; path = CertChainRequestHandler.cpp; sourceTree = "<group>"; };
		E8EE466B24235D6A0074DC2C /* SignRequestHandler.hpp */ = {isa = PBXFileReference; fileEncoding = 4; lastKnownFileType = sourcecode.cpp.h; path = SignRequestHandler.hpp; sourceTree = "<group>"; };
		E8EE466C24235D6A0074DC2C /* SignRequestHandler.cpp */ = {isa = PBXFileReference; fileEncoding = 4; lastKnownFileType = sourcecode.cpp.cpp; path = SignRequestHandler.cpp; sourceTree = "<group>"; };
		E8EE466E242360F30074DC2C /* Request.cpp */ = {isa = PBXFileReference; lastKnownFileType = sourcecode.cpp.cpp; path = Request.cpp; sourceTree = "<group>"; };
		E8EE466F242360F30074DC2C /* Request.hpp */ = {isa = PBXFileReference; lastKnownFileType = sourcecode.cpp.h; path = Request.hpp; sourceTree = "<group>"; };
		E8F2140923FAFAAC003768CE /* BeIDConnect */ = {isa = PBXFileReference; explicitFileType = "compiled.mach-o.executable"; includeInIndex = 0; path = BeIDConnect; sourceTree = BUILT_PRODUCTS_DIR; };
		F3C52EF4285A12CD00B4DCEB /* BeIDConnect.entitlements */ = {isa = PBXFileReference; lastKnownFileType = text.plist.entitlements; path = BeIDConnect.entitlements; sourceTree = "<group>"; };
/* End PBXFileReference section */

/* Begin PBXFrameworksBuildPhase section */
		E8F2140623FAFAAC003768CE /* Frameworks */ = {
			isa = PBXFrameworksBuildPhase;
			buildActionMask = 2147483647;
			files = (
				E824FB77240FC263008E0C3D /* PCSC.framework in Frameworks */,
			);
			runOnlyForDeploymentPostprocessing = 0;
		};
/* End PBXFrameworksBuildPhase section */

/* Begin PBXGroup section */
		E824FB75240FC263008E0C3D /* Frameworks */ = {
			isa = PBXGroup;
			children = (
				E824FB76240FC263008E0C3D /* PCSC.framework */,
			);
			name = Frameworks;
			sourceTree = "<group>";
		};
		E835C9A824376FFA008A17D9 /* ChromeExtension */ = {
			isa = PBXGroup;
			children = (
				E835C9A924376FFA008A17D9 /* package.json */,
				E835C9AA24376FFA008A17D9 /* gulpfile.js */,
				E835C9AB24376FFA008A17D9 /* src */,
			);
			name = ChromeExtension;
			path = ../ChromeExtension;
			sourceTree = "<group>";
		};
		E835C9AB24376FFA008A17D9 /* src */ = {
			isa = PBXGroup;
			children = (
				E835C9AC24376FFA008A17D9 /* test */,
				E835C9AF24376FFA008A17D9 /* main */,
			);
			path = src;
			sourceTree = "<group>";
		};
		E835C9AC24376FFA008A17D9 /* test */ = {
			isa = PBXGroup;
			children = (
				E835C9AD24376FFA008A17D9 /* sign.js */,
				E835C9AE24376FFA008A17D9 /* signtest.html */,
			);
			path = test;
			sourceTree = "<group>";
		};
		E835C9AF24376FFA008A17D9 /* main */ = {
			isa = PBXGroup;
			children = (
				E835C9B024376FFA008A17D9 /* page.js */,
				E835C9B124376FFA008A17D9 /* background.js */,
				E835C9B224376FFA008A17D9 /* icon48.png */,
				E835C9B324376FFA008A17D9 /* icon128.png */,
				E835C9B424376FFA008A17D9 /* manifest.json */,
				E835C9B524376FFA008A17D9 /* content.js */,
			);
			path = main;
			sourceTree = "<group>";
		};
		E85AB6632413A1B600BE9F0A /* test */ = {
			isa = PBXGroup;
			children = (
				E85AB6642413A1CB00BE9F0A /* test.py */,
				E85AB6652413A1CB00BE9F0A /* testconf.py */,
			);
			name = test;
			sourceTree = "<group>";
		};
		E864546F25F260900098E299 /* installation */ = {
			isa = PBXGroup;
			children = (
			);
			name = installation;
			sourceTree = "<group>";
		};
		E89B23CA24112BDC00D800E0 /* RequestHandlers */ = {
			isa = PBXGroup;
			children = (
				E808DCC3267256D1006CFED0 /* IDRequestHandler.cpp */,
				E808DCC2267256D1006CFED0 /* IDRequestHandler.hpp */,
				E8AB54D024110F070051D9A2 /* VersionRequestHandler.cpp */,
				E8AB54AD24110F070051D9A2 /* VersionRequestHandler.hpp */,
				E85AB668241539CC00BE9F0A /* UserCertsRequestHandler.cpp */,
				E85AB667241539CC00BE9F0A /* UserCertsRequestHandler.hpp */,
				E8EE4669242259580074DC2C /* CertChainRequestHandler.cpp */,
				E81B25A524B7C0CD00276999 /* CertChainRequestHandler.hpp */,
				E8EE466C24235D6A0074DC2C /* SignRequestHandler.cpp */,
				E8EE466B24235D6A0074DC2C /* SignRequestHandler.hpp */,
				E8AB54AF24110F070051D9A2 /* RequestHandler.cpp */,
				E8AB54D424110F070051D9A2 /* RequestHandler.hpp */,
				E8EE466E242360F30074DC2C /* Request.cpp */,
				E8EE466F242360F30074DC2C /* Request.hpp */,
			);
			name = RequestHandlers;
			sourceTree = "<group>";
		};
		E8AB54A524110F070051D9A2 /* common */ = {
			isa = PBXGroup;
			children = (
				E89B23CA24112BDC00D800E0 /* RequestHandlers */,
				E8AB54EF24110F620051D9A2 /* CardLayer */,
				E8AB54B624110F070051D9A2 /* general.h */,
				E8AB54D124110F070051D9A2 /* main.cpp */,
				E8AB54AE24110F070051D9A2 /* main.hpp */,
				E84BAFE624477C7000D6A178 /* setup.cpp */,
				E84BAFE724477C7000D6A178 /* setup.hpp */,
				E8AB54C024110F070051D9A2 /* native.cpp */,
				E8AB54B424110F070051D9A2 /* native.hpp */,
				E8A12CEA2465C77400F6C910 /* test.hpp */,
				E8A12CE82465C53F00F6C910 /* test.cpp */,
				E8AB54C724110F070051D9A2 /* comm.cpp */,
				E8AB54BC24110F070051D9A2 /* comm.hpp */,
				E8D0ABC52433C50D00A6FE82 /* crypto.cpp */,
				E8D0ABC62433C50D00A6FE82 /* crypto.h */,
				E8AB54A824110F070051D9A2 /* log.cpp */,
				E8AB54CC24110F070051D9A2 /* log.hpp */,
				E8AB54A924110F070051D9A2 /* util.cpp */,
				E8AB54C624110F070051D9A2 /* util.h */,
				E8AB54CA24110F070051D9A2 /* hash.cpp */,
				E8AB54D324110F070051D9A2 /* hash.h */,
				E8AB54BD24110F070051D9A2 /* x509Util.c */,
				E8AB54D524110F070051D9A2 /* x509Util.h */,
			);
			name = common;
			path = ../common;
			sourceTree = "<group>";
		};
		E8AB54EF24110F620051D9A2 /* CardLayer */ = {
			isa = PBXGroup;
			children = (
				E8AB54C924110F070051D9A2 /* asn1.cpp */,
				E8AB54B324110F070051D9A2 /* asn1.hpp */,
				E8AB54B124110F070051D9A2 /* BEIDCard.cpp */,
				E8AB54D624110F070051D9A2 /* BEIDCard.hpp */,
				E8AB54AA24110F070051D9A2 /* Card.hpp */,
				E8AB54B724110F070051D9A2 /* CardReader.hpp */,
				E8AB54C224110F070051D9A2 /* CardReader.cpp */,
				E8AB54B924110F070051D9A2 /* CardFactory.hpp */,
				E8AB54C424110F070051D9A2 /* CardFactory.cpp */,
				E8AB54BB24110F070051D9A2 /* CardErrors.h */,
				E8AB54CD24110F070051D9A2 /* VirtualCard.cpp */,
				E8AB54AB24110F070051D9A2 /* VirtualCard.hpp */,
				E8AB54B024110F070051D9A2 /* VirtualReader.cpp */,
				E8AB54D224110F070051D9A2 /* VirtualReader.hpp */,
				E8AB54C524110F070051D9A2 /* SCard.cpp */,
				E8AB54BA24110F070051D9A2 /* SCard.hpp */,
				E8AB54C824110F070051D9A2 /* ReaderList.cpp */,
				E8AB54BE24110F070051D9A2 /* ReaderList.hpp */,
			);
			name = CardLayer;
			sourceTree = "<group>";
		};
		E8F2140023FAFAAC003768CE = {
			isa = PBXGroup;
			children = (
				F3C52EF4285A12CD00B4DCEB /* BeIDConnect.entitlements */,
				E864546F25F260900098E299 /* installation */,
				E835C9A824376FFA008A17D9 /* ChromeExtension */,
				E85AB6632413A1B600BE9F0A /* test */,
				E8AB54A524110F070051D9A2 /* common */,
				E8F2140A23FAFAAC003768CE /* Products */,
				E824FB75240FC263008E0C3D /* Frameworks */,
			);
			sourceTree = "<group>";
		};
		E8F2140A23FAFAAC003768CE /* Products */ = {
			isa = PBXGroup;
			children = (
				E8F2140923FAFAAC003768CE /* BeIDConnect */,
			);
			name = Products;
			sourceTree = "<group>";
		};
/* End PBXGroup section */

/* Begin PBXNativeTarget section */
		E8F2140823FAFAAC003768CE /* BeIDConnect */ = {
			isa = PBXNativeTarget;
			buildConfigurationList = E8F2141023FAFAAC003768CE /* Build configuration list for PBXNativeTarget "BeIDConnect" */;
			buildPhases = (
				E8F2140523FAFAAC003768CE /* Sources */,
				E8F2140623FAFAAC003768CE /* Frameworks */,
				E8F2140723FAFAAC003768CE /* CopyFiles */,
			);
			buildRules = (
			);
			dependencies = (
			);
			name = BeIDConnect;
			productName = eIDLink;
			productReference = E8F2140923FAFAAC003768CE /* BeIDConnect */;
			productType = "com.apple.product-type.tool";
		};
/* End PBXNativeTarget section */

/* Begin PBXProject section */
		E8F2140123FAFAAC003768CE /* Project object */ = {
			isa = PBXProject;
			attributes = {
				LastUpgradeCheck = 1200;
				ORGANIZATIONNAME = "FOD BOSA";
				TargetAttributes = {
					E8F2140823FAFAAC003768CE = {
						CreatedOnToolsVersion = 11.3.1;
					};
				};
			};
			buildConfigurationList = E8F2140423FAFAAC003768CE /* Build configuration list for PBXProject "BeIDConnect" */;
			compatibilityVersion = "Xcode 9.3";
			developmentRegion = en;
			hasScannedForEncodings = 0;
			knownRegions = (
				en,
				Base,
			);
			mainGroup = E8F2140023FAFAAC003768CE;
			productRefGroup = E8F2140A23FAFAAC003768CE /* Products */;
			projectDirPath = "";
			projectRoot = "";
			targets = (
				E8F2140823FAFAAC003768CE /* BeIDConnect */,
			);
		};
/* End PBXProject section */

/* Begin PBXSourcesBuildPhase section */
		E8F2140523FAFAAC003768CE /* Sources */ = {
			isa = PBXSourcesBuildPhase;
			buildActionMask = 2147483647;
			files = (
				E8AB54DE24110F070051D9A2 /* BEIDCard.cpp in Sources */,
				E8AB54ED24110F070051D9A2 /* main.cpp in Sources */,
				E8AB54D924110F070051D9A2 /* log.cpp in Sources */,
				E8EE4670242360F30074DC2C /* Request.cpp in Sources */,
				E85AB669241539CC00BE9F0A /* UserCertsRequestHandler.cpp in Sources */,
				E8D0ABC72433C50D00A6FE82 /* crypto.cpp in Sources */,
				E8AB54DC24110F070051D9A2 /* RequestHandler.cpp in Sources */,
				E8AB54DA24110F070051D9A2 /* util.cpp in Sources */,
				E8AB54E324110F070051D9A2 /* CardReader.cpp in Sources */,
				E8AB54E524110F070051D9A2 /* SCard.cpp in Sources */,
				E8AB54E924110F070051D9A2 /* hash.cpp in Sources */,
				E8AB54EB24110F070051D9A2 /* VirtualCard.cpp in Sources */,
				E8AB54E024110F070051D9A2 /* x509Util.c in Sources */,
				E808DCC4267256D1006CFED0 /* IDRequestHandler.cpp in Sources */,
				E85AB66A24166DFB00BE9F0A /* comm.cpp in Sources */,
				E8AB54E424110F070051D9A2 /* CardFactory.cpp in Sources */,
				E89B23CD24114FBC00D800E0 /* native.cpp in Sources */,
				E8EE466A242259580074DC2C /* CertChainRequestHandler.cpp in Sources */,
				E84BAFE824477C7000D6A178 /* setup.cpp in Sources */,
				E8AB54E724110F070051D9A2 /* ReaderList.cpp in Sources */,
				E8AB54EC24110F070051D9A2 /* VersionRequestHandler.cpp in Sources */,
				E8AB54E824110F070051D9A2 /* asn1.cpp in Sources */,
				E8A12CE92465C53F00F6C910 /* test.cpp in Sources */,
				E8EE466D24235D6A0074DC2C /* SignRequestHandler.cpp in Sources */,
			);
			runOnlyForDeploymentPostprocessing = 0;
		};
/* End PBXSourcesBuildPhase section */

/* Begin XCBuildConfiguration section */
		E8F2140E23FAFAAC003768CE /* Debug */ = {
			isa = XCBuildConfiguration;
			buildSettings = {
				ALWAYS_SEARCH_USER_PATHS = NO;
				CLANG_ANALYZER_NONNULL = YES;
				CLANG_ANALYZER_NUMBER_OBJECT_CONVERSION = YES_AGGRESSIVE;
				CLANG_CXX_LANGUAGE_STANDARD = "gnu++14";
				CLANG_CXX_LIBRARY = "libc++";
				CLANG_ENABLE_MODULES = YES;
				CLANG_ENABLE_OBJC_ARC = YES;
				CLANG_ENABLE_OBJC_WEAK = YES;
				CLANG_WARN_BLOCK_CAPTURE_AUTORELEASING = YES;
				CLANG_WARN_BOOL_CONVERSION = YES;
				CLANG_WARN_COMMA = YES;
				CLANG_WARN_CONSTANT_CONVERSION = YES;
				CLANG_WARN_DEPRECATED_OBJC_IMPLEMENTATIONS = YES;
				CLANG_WARN_DIRECT_OBJC_ISA_USAGE = YES_ERROR;
				CLANG_WARN_DOCUMENTATION_COMMENTS = YES;
				CLANG_WARN_EMPTY_BODY = YES;
				CLANG_WARN_ENUM_CONVERSION = YES;
				CLANG_WARN_INFINITE_RECURSION = YES;
				CLANG_WARN_INT_CONVERSION = YES;
				CLANG_WARN_NON_LITERAL_NULL_CONVERSION = YES;
				CLANG_WARN_OBJC_IMPLICIT_RETAIN_SELF = YES;
				CLANG_WARN_OBJC_LITERAL_CONVERSION = YES;
				CLANG_WARN_OBJC_ROOT_CLASS = YES_ERROR;
				CLANG_WARN_QUOTED_INCLUDE_IN_FRAMEWORK_HEADER = YES;
				CLANG_WARN_RANGE_LOOP_ANALYSIS = YES;
				CLANG_WARN_STRICT_PROTOTYPES = YES;
				CLANG_WARN_SUSPICIOUS_MOVE = YES;
				CLANG_WARN_UNGUARDED_AVAILABILITY = YES_AGGRESSIVE;
				CLANG_WARN_UNREACHABLE_CODE = YES;
				CLANG_WARN__DUPLICATE_METHOD_MATCH = YES;
				CODE_SIGN_IDENTITY = "Apple Development";
				COPY_PHASE_STRIP = NO;
				DEBUG_INFORMATION_FORMAT = dwarf;
				DEVELOPMENT_TEAM = 7682K6YL8X;
				ENABLE_STRICT_OBJC_MSGSEND = YES;
				ENABLE_TESTABILITY = YES;
				GCC_C_LANGUAGE_STANDARD = gnu11;
				GCC_DYNAMIC_NO_PIC = NO;
				GCC_NO_COMMON_BLOCKS = YES;
				GCC_OPTIMIZATION_LEVEL = 0;
				GCC_PREPROCESSOR_DEFINITIONS = (
					"DEBUG=1",
					"$(inherited)",
				);
				GCC_WARN_64_TO_32_BIT_CONVERSION = YES;
				GCC_WARN_ABOUT_RETURN_TYPE = YES_ERROR;
				GCC_WARN_UNDECLARED_SELECTOR = YES;
				GCC_WARN_UNINITIALIZED_AUTOS = YES_AGGRESSIVE;
				GCC_WARN_UNUSED_FUNCTION = YES;
				GCC_WARN_UNUSED_VARIABLE = YES;
				MACOSX_DEPLOYMENT_TARGET = 10.14;
				MARKETING_VERSION = 2.9;
				MTL_ENABLE_DEBUG_INFO = INCLUDE_SOURCE;
				MTL_FAST_MATH = YES;
				ONLY_ACTIVE_ARCH = YES;
				SDKROOT = macosx;
			};
			name = Debug;
		};
		E8F2140F23FAFAAC003768CE /* Release */ = {
			isa = XCBuildConfiguration;
			buildSettings = {
				ALWAYS_SEARCH_USER_PATHS = NO;
				CLANG_ANALYZER_NONNULL = YES;
				CLANG_ANALYZER_NUMBER_OBJECT_CONVERSION = YES_AGGRESSIVE;
				CLANG_CXX_LANGUAGE_STANDARD = "gnu++14";
				CLANG_CXX_LIBRARY = "libc++";
				CLANG_ENABLE_MODULES = YES;
				CLANG_ENABLE_OBJC_ARC = YES;
				CLANG_ENABLE_OBJC_WEAK = YES;
				CLANG_WARN_BLOCK_CAPTURE_AUTORELEASING = YES;
				CLANG_WARN_BOOL_CONVERSION = YES;
				CLANG_WARN_COMMA = YES;
				CLANG_WARN_CONSTANT_CONVERSION = YES;
				CLANG_WARN_DEPRECATED_OBJC_IMPLEMENTATIONS = YES;
				CLANG_WARN_DIRECT_OBJC_ISA_USAGE = YES_ERROR;
				CLANG_WARN_DOCUMENTATION_COMMENTS = YES;
				CLANG_WARN_EMPTY_BODY = YES;
				CLANG_WARN_ENUM_CONVERSION = YES;
				CLANG_WARN_INFINITE_RECURSION = YES;
				CLANG_WARN_INT_CONVERSION = YES;
				CLANG_WARN_NON_LITERAL_NULL_CONVERSION = YES;
				CLANG_WARN_OBJC_IMPLICIT_RETAIN_SELF = YES;
				CLANG_WARN_OBJC_LITERAL_CONVERSION = YES;
				CLANG_WARN_OBJC_ROOT_CLASS = YES_ERROR;
				CLANG_WARN_QUOTED_INCLUDE_IN_FRAMEWORK_HEADER = YES;
				CLANG_WARN_RANGE_LOOP_ANALYSIS = YES;
				CLANG_WARN_STRICT_PROTOTYPES = YES;
				CLANG_WARN_SUSPICIOUS_MOVE = YES;
				CLANG_WARN_UNGUARDED_AVAILABILITY = YES_AGGRESSIVE;
				CLANG_WARN_UNREACHABLE_CODE = YES;
				CLANG_WARN__DUPLICATE_METHOD_MATCH = YES;
				CODE_SIGN_IDENTITY = "Apple Development";
				COPY_PHASE_STRIP = NO;
				DEBUG_INFORMATION_FORMAT = "dwarf-with-dsym";
				DEVELOPMENT_TEAM = 7682K6YL8X;
				ENABLE_NS_ASSERTIONS = NO;
				ENABLE_STRICT_OBJC_MSGSEND = YES;
				GCC_C_LANGUAGE_STANDARD = gnu11;
				GCC_NO_COMMON_BLOCKS = YES;
				GCC_WARN_64_TO_32_BIT_CONVERSION = YES;
				GCC_WARN_ABOUT_RETURN_TYPE = YES_ERROR;
				GCC_WARN_UNDECLARED_SELECTOR = YES;
				GCC_WARN_UNINITIALIZED_AUTOS = YES_AGGRESSIVE;
				GCC_WARN_UNUSED_FUNCTION = YES;
				GCC_WARN_UNUSED_VARIABLE = YES;
				MACOSX_DEPLOYMENT_TARGET = 10.14;
				MARKETING_VERSION = 2.9;
				MTL_ENABLE_DEBUG_INFO = NO;
				MTL_FAST_MATH = YES;
				SDKROOT = macosx;
			};
			name = Release;
		};
		E8F2141123FAFAAC003768CE /* Debug */ = {
			isa = XCBuildConfiguration;
			buildSettings = {
				CLANG_CXX_LIBRARY = "libc++";
				CODE_SIGN_ENTITLEMENTS = BeIDConnect.entitlements;
				CODE_SIGN_IDENTITY = "-";
				CODE_SIGN_STYLE = Automatic;
				DEPLOYMENT_LOCATION = YES;
				DEPLOYMENT_POSTPROCESSING = YES;
				DEVELOPMENT_TEAM = EU27N85PBZ;
				ENABLE_HARDENED_RUNTIME = NO;
				GCC_C_LANGUAGE_STANDARD = c99;
				GCC_PREPROCESSOR_DEFINITIONS = (
					"DEBUG=1",
					"$(inherited)",
					"LOG_INFO=1",
				);
				HEADER_SEARCH_PATHS = 3P/boost/include;
				INSTALL_PATH = /Applications;
				LIBRARY_SEARCH_PATHS = "";
				MACOSX_DEPLOYMENT_TARGET = 10.10;
				PRODUCT_BUNDLE_IDENTIFIER = be.bosa.beidconnect;
				PRODUCT_NAME = "$(TARGET_NAME)";
				PROVISIONING_PROFILE_SPECIFIER = "";
				STRIP_INSTALLED_PRODUCT = NO;
			};
			name = Debug;
		};
		E8F2141223FAFAAC003768CE /* Release */ = {
			isa = XCBuildConfiguration;
			buildSettings = {
				CLANG_CXX_LIBRARY = "libc++";
				CODE_SIGN_ENTITLEMENTS = BeIDConnect.entitlements;
				CODE_SIGN_IDENTITY = "-";
				CODE_SIGN_STYLE = Automatic;
				DEPLOYMENT_LOCATION = YES;
				DEPLOYMENT_POSTPROCESSING = YES;
				DEVELOPMENT_TEAM = EU27N85PBZ;
				ENABLE_HARDENED_RUNTIME = NO;
				GCC_C_LANGUAGE_STANDARD = c99;
				GCC_PREPROCESSOR_DEFINITIONS = "LOG_INFO=1";
				HEADER_SEARCH_PATHS = 3P/boost/include;
				INSTALL_PATH = /Applications;
				LIBRARY_SEARCH_PATHS = "";
				MACOSX_DEPLOYMENT_TARGET = 10.10;
				PRODUCT_BUNDLE_IDENTIFIER = be.bosa.beidconnect;
				PRODUCT_NAME = "$(TARGET_NAME)";
				PROVISIONING_PROFILE_SPECIFIER = "";
				STRIP_INSTALLED_PRODUCT = YES;
			};
			name = Release;
		};
/* End XCBuildConfiguration section */

/* Begin XCConfigurationList section */
		E8F2140423FAFAAC003768CE /* Build configuration list for PBXProject "BeIDConnect" */ = {
			isa = XCConfigurationList;
			buildConfigurations = (
				E8F2140E23FAFAAC003768CE /* Debug */,
				E8F2140F23FAFAAC003768CE /* Release */,
			);
			defaultConfigurationIsVisible = 0;
			defaultConfigurationName = Release;
		};
		E8F2141023FAFAAC003768CE /* Build configuration list for PBXNativeTarget "BeIDConnect" */ = {
			isa = XCConfigurationList;
			buildConfigurations = (
				E8F2141123FAFAAC003768CE /* Debug */,
				E8F2141223FAFAAC003768CE /* Release */,
			);
			defaultConfigurationIsVisible = 0;
			defaultConfigurationName = Release;
		};
/* End XCConfigurationList section */
	};
	rootObject = E8F2140123FAFAAC003768CE /* Project object */;
}
