<?xml version="1.0" encoding="utf-8"?>
<Project ToolsVersion="4.0" xmlns="http://schemas.microsoft.com/developer/msbuild/2003">
  <ItemGroup>
    <Filter Include="Source Files">
      <UniqueIdentifier>{4FC737F1-C7A5-4376-A066-2A32D752A2FF}</UniqueIdentifier>
      <Extensions>cpp;c;cc;cxx;def;odl;idl;hpj;bat;asm;asmx</Extensions>
    </Filter>
    <Filter Include="Header Files">
      <UniqueIdentifier>{93995380-89BD-4b04-88EB-625FBE52EBFB}</UniqueIdentifier>
      <Extensions>h;hh;hpp;hxx;hm;inl;inc;xsd</Extensions>
    </Filter>
    <Filter Include="Resource Files">
      <UniqueIdentifier>{67DA6AB6-F800-4c08-8B7A-83BB121AAD01}</UniqueIdentifier>
      <Extensions>rc;ico;cur;bmp;dlg;rc2;rct;bin;rgs;gif;jpg;jpeg;jpe;resx;tiff;tif;png;wav;mfcribbon-ms</Extensions>
    </Filter>
    <Filter Include="Source Files\CardLayer">
      <UniqueIdentifier>{da185a91-bb0e-4530-9df9-17aed2a69589}</UniqueIdentifier>
    </Filter>
    <Filter Include="Source Files\RequestHandlers">
      <UniqueIdentifier>{e28ff151-53ad-463a-b887-55314c867e2f}</UniqueIdentifier>
    </Filter>
  </ItemGroup>
  <ItemGroup>
    <ClInclude Include="targetver.h">
      <Filter>Header Files</Filter>
    </ClInclude>
    <ClInclude Include="..\..\common\comm.hpp">
      <Filter>Source Files</Filter>
    </ClInclude>
    <ClInclude Include="..\..\common\general.h">
      <Filter>Source Files</Filter>
    </ClInclude>
    <ClInclude Include="..\..\common\hash.h">
      <Filter>Source Files</Filter>
    </ClInclude>
    <ClInclude Include="..\..\common\log.hpp">
      <Filter>Source Files</Filter>
    </ClInclude>
    <ClInclude Include="..\..\common\main.hpp">
      <Filter>Source Files</Filter>
    </ClInclude>
    <ClInclude Include="..\..\common\native.hpp">
      <Filter>Source Files</Filter>
    </ClInclude>
    <ClInclude Include="..\..\common\util.h">
      <Filter>Source Files</Filter>
    </ClInclude>
    <ClInclude Include="..\..\common\x509Util.h">
      <Filter>Source Files</Filter>
    </ClInclude>
    <ClInclude Include="..\..\common\BEIDCard.hpp">
      <Filter>Source Files\CardLayer</Filter>
    </ClInclude>
    <ClInclude Include="..\..\common\Card.hpp">
      <Filter>Source Files\CardLayer</Filter>
    </ClInclude>
    <ClInclude Include="..\..\common\CardErrors.h">
      <Filter>Source Files\CardLayer</Filter>
    </ClInclude>
    <ClInclude Include="..\..\common\CardFactory.hpp">
      <Filter>Source Files\CardLayer</Filter>
    </ClInclude>
    <ClInclude Include="..\..\common\CardReader.hpp">
      <Filter>Source Files\CardLayer</Filter>
    </ClInclude>
    <ClInclude Include="..\..\common\InfoRequestHandler.hpp">
      <Filter>Source Files\RequestHandlers</Filter>
    </ClInclude>
    <ClInclude Include="..\..\common\ReaderList.hpp">
      <Filter>Source Files\CardLayer</Filter>
    </ClInclude>
    <ClInclude Include="..\..\common\RequestHandler.hpp">
      <Filter>Source Files\RequestHandlers</Filter>
    </ClInclude>
    <ClInclude Include="..\..\common\UserCertsRequestHandler.hpp">
      <Filter>Source Files\RequestHandlers</Filter>
    </ClInclude>
    <ClInclude Include="..\..\common\VirtualCard.hpp">
      <Filter>Source Files\CardLayer</Filter>
    </ClInclude>
    <ClInclude Include="..\..\common\VirtualReader.hpp">
      <Filter>Source Files\CardLayer</Filter>
    </ClInclude>
    <ClInclude Include="..\..\common\SCard.hpp">
      <Filter>Source Files\CardLayer</Filter>
    </ClInclude>
    <ClInclude Include="..\..\common\VersionRequestHandler.hpp">
      <Filter>Source Files\RequestHandlers</Filter>
    </ClInclude>
    <ClInclude Include="..\..\common\asn1.hpp">
      <Filter>Source Files</Filter>
    </ClInclude>
  </ItemGroup>
  <ItemGroup>
    <ClCompile Include="..\..\common\asn1.cpp">
      <Filter>Source Files</Filter>
    </ClCompile>
    <ClCompile Include="..\..\common\comm.cpp">
      <Filter>Source Files</Filter>
    </ClCompile>
    <ClCompile Include="..\..\common\hash.cpp">
      <Filter>Source Files</Filter>
    </ClCompile>
    <ClCompile Include="..\..\common\log.cpp">
      <Filter>Source Files</Filter>
    </ClCompile>
    <ClCompile Include="..\..\common\main.cpp">
      <Filter>Source Files</Filter>
    </ClCompile>
    <ClCompile Include="..\..\common\native.cpp">
      <Filter>Source Files</Filter>
    </ClCompile>
    <ClCompile Include="..\..\common\util.cpp">
      <Filter>Source Files</Filter>
    </ClCompile>
    <ClCompile Include="..\..\common\x509Util.c">
      <Filter>Source Files</Filter>
    </ClCompile>
    <ClCompile Include="..\..\common\BEIDCard.cpp">
      <Filter>Source Files\CardLayer</Filter>
    </ClCompile>
    <ClCompile Include="..\..\common\Card.cpp">
      <Filter>Source Files\CardLayer</Filter>
    </ClCompile>
    <ClCompile Include="..\..\common\CardFactory.cpp">
      <Filter>Source Files\CardLayer</Filter>
    </ClCompile>
    <ClCompile Include="..\..\common\CardReader.cpp">
      <Filter>Source Files\CardLayer</Filter>
    </ClCompile>
    <ClCompile Include="..\..\common\InfoRequestHandler.cpp">
      <Filter>Source Files\RequestHandlers</Filter>
    </ClCompile>
    <ClCompile Include="..\..\common\ReaderList.cpp">
      <Filter>Source Files\CardLayer</Filter>
    </ClCompile>
    <ClCompile Include="..\..\common\RequestHandler.cpp">
      <Filter>Source Files\RequestHandlers</Filter>
    </ClCompile>
    <ClCompile Include="..\..\common\UserCertsRequestHandler.cpp">
      <Filter>Source Files\RequestHandlers</Filter>
    </ClCompile>
    <ClCompile Include="..\..\common\VirtualCard.cpp">
      <Filter>Source Files\CardLayer</Filter>
    </ClCompile>
    <ClCompile Include="..\..\common\VirtualReader.cpp">
      <Filter>Source Files\CardLayer</Filter>
    </ClCompile>
    <ClCompile Include="..\..\common\SCard.cpp">
      <Filter>Source Files\CardLayer</Filter>
    </ClCompile>
    <ClCompile Include="..\..\common\VersionRequestHandler.cpp">
      <Filter>Source Files\RequestHandlers</Filter>
    </ClCompile>
  </ItemGroup>
</Project>